
Microsoft Visual Studio Solution File, Format Version 12.00
# Visual Studio Version 17
VisualStudioVersion = 17.14.36127.28 d17.14
MinimumVisualStudioVersion = 10.0.40219.1
Project("{FAE04EC0-301F-11D3-BF4B-00C04F79EFBC}") = "LibraryManagementSystem", "LibraryManagementSystem\LibraryManagementSystem.csproj", "{DC903E58-990A-4B04-990E-8A7730FACDA2}"
EndProject
Global
	GlobalSection(SolutionConfigurationPlatforms) = preSolution
		Debug|Any CPU = Debug|Any CPU
		Release|Any CPU = Release|Any CPU
	EndGlobalSection
	GlobalSection(ProjectConfigurationPlatforms) = postSolution
		{DC903E58-990A-4B04-990E-8A7730FACDA2}.Debug|Any CPU.ActiveCfg = Debug|Any CPU
		{DC903E58-990A-4B04-990E-8A7730FACDA2}.Debug|Any CPU.Build.0 = Debug|Any CPU
		{DC903E58-990A-4B04-990E-8A7730FACDA2}.Release|Any CPU.ActiveCfg = Release|Any CPU
		{DC903E58-990A-4B04-990E-8A7730FACDA2}.Release|Any CPU.Build.0 = Release|Any CPU
	EndGlobalSection
	GlobalSection(SolutionProperties) = preSolution
		HideSolutionNode = FALSE
	EndGlobalSection
	GlobalSection(ExtensibilityGlobals) = postSolution
		SolutionGuid = {2D439EA9-8730-4C68-A7FB-37EA8F195E4B}
	EndGlobalSection
EndGlobal
